
Microsoft Visual Studio Solution File, Format Version 9.00
# Visual Studio 2005
Project("{FAE04EC0-301F-11D3-BF4B-00C04F79EFBC}") = "Client", "Client\Client.csproj", "{866C0B6F-2C33-4796-9157-47074DD3836B}"
EndProject
Project("{FAE04EC0-301F-11D3-BF4B-00C04F79EFBC}") = "Server", "Server\Server.csproj", "{7C362F60-8C16-4C39-B222-9F5D73A6656E}"
EndProject
Project("{FAE04EC0-301F-11D3-BF4B-00C04F79EFBC}") = "Crypto", "Crypto\Crypto.csproj", "{FEAD5076-6DBF-4A17-8935-CA810964A835}"
EndProject
Project("{FAE04EC0-301F-11D3-BF4B-00C04F79EFBC}") = "Core", "Core\Core.csproj", "{1C4E70E3-AEBF-4534-9179-6B4EB80FBE4E}"
EndProject
Project("{FAE04EC0-301F-11D3-BF4B-00C04F79EFBC}") = "Util", "Util\Util.csproj", "{3EAA688C-89B4-4181-B139-1FC5A6F5A85D}"
EndProject
Project("{FAE04EC0-301F-11D3-BF4B-00C04F79EFBC}") = "IServer", "IServer\IServer.csproj", "{5762516A-00E1-458F-9788-0F57F4C646C0}"
EndProject
Project("{FAE04EC0-301F-11D3-BF4B-00C04F79EFBC}") = "RootServer", "RootServer\RootServer.csproj", "{A14BFA86-85A7-4D82-BC19-233A61725149}"
EndProject
Project("{FAE04EC0-301F-11D3-BF4B-00C04F79EFBC}") = "IRootServer", "IRootServer\IRootServer.csproj", "{E5F1C91B-F9CA-4FE1-B4F2-DAFB2F998937}"
EndProject
Global
	GlobalSection(SolutionConfigurationPlatforms) = preSolution
		Debug|Any CPU = Debug|Any CPU
		Release|Any CPU = Release|Any CPU
	EndGlobalSection
	GlobalSection(ProjectConfigurationPlatforms) = postSolution
		{866C0B6F-2C33-4796-9157-47074DD3836B}.Debug|Any CPU.ActiveCfg = Debug|Any CPU
		{866C0B6F-2C33-4796-9157-47074DD3836B}.Debug|Any CPU.Build.0 = Debug|Any CPU
		{866C0B6F-2C33-4796-9157-47074DD3836B}.Release|Any CPU.ActiveCfg = Release|Any CPU
		{866C0B6F-2C33-4796-9157-47074DD3836B}.Release|Any CPU.Build.0 = Release|Any CPU
		{7C362F60-8C16-4C39-B222-9F5D73A6656E}.Debug|Any CPU.ActiveCfg = Debug|Any CPU
		{7C362F60-8C16-4C39-B222-9F5D73A6656E}.Debug|Any CPU.Build.0 = Debug|Any CPU
		{7C362F60-8C16-4C39-B222-9F5D73A6656E}.Release|Any CPU.ActiveCfg = Release|Any CPU
		{7C362F60-8C16-4C39-B222-9F5D73A6656E}.Release|Any CPU.Build.0 = Release|Any CPU
		{FEAD5076-6DBF-4A17-8935-CA810964A835}.Debug|Any CPU.ActiveCfg = Debug|Any CPU
		{FEAD5076-6DBF-4A17-8935-CA810964A835}.Debug|Any CPU.Build.0 = Debug|Any CPU
		{FEAD5076-6DBF-4A17-8935-CA810964A835}.Release|Any CPU.ActiveCfg = Release|Any CPU
		{FEAD5076-6DBF-4A17-8935-CA810964A835}.Release|Any CPU.Build.0 = Release|Any CPU
		{1C4E70E3-AEBF-4534-9179-6B4EB80FBE4E}.Debug|Any CPU.ActiveCfg = Debug|Any CPU
		{1C4E70E3-AEBF-4534-9179-6B4EB80FBE4E}.Debug|Any CPU.Build.0 = Debug|Any CPU
		{1C4E70E3-AEBF-4534-9179-6B4EB80FBE4E}.Release|Any CPU.ActiveCfg = Release|Any CPU
		{1C4E70E3-AEBF-4534-9179-6B4EB80FBE4E}.Release|Any CPU.Build.0 = Release|Any CPU
		{3EAA688C-89B4-4181-B139-1FC5A6F5A85D}.Debug|Any CPU.ActiveCfg = Debug|Any CPU
		{3EAA688C-89B4-4181-B139-1FC5A6F5A85D}.Debug|Any CPU.Build.0 = Debug|Any CPU
		{3EAA688C-89B4-4181-B139-1FC5A6F5A85D}.Release|Any CPU.ActiveCfg = Release|Any CPU
		{3EAA688C-89B4-4181-B139-1FC5A6F5A85D}.Release|Any CPU.Build.0 = Release|Any CPU
		{5762516A-00E1-458F-9788-0F57F4C646C0}.Debug|Any CPU.ActiveCfg = Debug|Any CPU
		{5762516A-00E1-458F-9788-0F57F4C646C0}.Debug|Any CPU.Build.0 = Debug|Any CPU
		{5762516A-00E1-458F-9788-0F57F4C646C0}.Release|Any CPU.ActiveCfg = Release|Any CPU
		{5762516A-00E1-458F-9788-0F57F4C646C0}.Release|Any CPU.Build.0 = Release|Any CPU
		{A14BFA86-85A7-4D82-BC19-233A61725149}.Debug|Any CPU.ActiveCfg = Debug|Any CPU
		{A14BFA86-85A7-4D82-BC19-233A61725149}.Debug|Any CPU.Build.0 = Debug|Any CPU
		{A14BFA86-85A7-4D82-BC19-233A61725149}.Release|Any CPU.ActiveCfg = Release|Any CPU
		{A14BFA86-85A7-4D82-BC19-233A61725149}.Release|Any CPU.Build.0 = Release|Any CPU
		{E5F1C91B-F9CA-4FE1-B4F2-DAFB2F998937}.Debug|Any CPU.ActiveCfg = Debug|Any CPU
		{E5F1C91B-F9CA-4FE1-B4F2-DAFB2F998937}.Debug|Any CPU.Build.0 = Debug|Any CPU
		{E5F1C91B-F9CA-4FE1-B4F2-DAFB2F998937}.Release|Any CPU.ActiveCfg = Release|Any CPU
		{E5F1C91B-F9CA-4FE1-B4F2-DAFB2F998937}.Release|Any CPU.Build.0 = Release|Any CPU
	EndGlobalSection
	GlobalSection(SolutionProperties) = preSolution
		HideSolutionNode = FALSE
	EndGlobalSection
EndGlobal
